
Microsoft Visual Studio Solution File, Format Version 12.00
# Visual Studio Version 16
VisualStudioVersion = 16.0.30204.135
MinimumVisualStudioVersion = 10.0.40219.1
Project("{8BC9CEB8-8B4A-11D0-8D11-00A0C91BC942}") = "labb2", "labb2\labb2.vcxproj", "{319FFB4C-5314-44DE-AC96-E71E47E64041}"
EndProject
Global
	GlobalSection(SolutionConfigurationPlatforms) = preSolution
		Debug|x64 = Debug|x64
		Debug|x86 = Debug|x86
		Release|x64 = Release|x64
		Release|x86 = Release|x86
	EndGlobalSection
	GlobalSection(ProjectConfigurationPlatforms) = postSolution
		{319FFB4C-5314-44DE-AC96-E71E47E64041}.Debug|x64.ActiveCfg = Debug|x64
		{319FFB4C-5314-44DE-AC96-E71E47E64041}.Debug|x64.Build.0 = Debug|x64
		{319FFB4C-5314-44DE-AC96-E71E47E64041}.Debug|x86.ActiveCfg = Debug|Win32
		{319FFB4C-5314-44DE-AC96-E71E47E64041}.Debug|x86.Build.0 = Debug|Win32
		{319FFB4C-5314-44DE-AC96-E71E47E64041}.Release|x64.ActiveCfg = Release|x64
		{319FFB4C-5314-44DE-AC96-E71E47E64041}.Release|x64.Build.0 = Release|x64
		{319FFB4C-5314-44DE-AC96-E71E47E64041}.Release|x86.ActiveCfg = Release|Win32
		{319FFB4C-5314-44DE-AC96-E71E47E64041}.Release|x86.Build.0 = Release|Win32
	EndGlobalSection
	GlobalSection(SolutionProperties) = preSolution
		HideSolutionNode = FALSE
	EndGlobalSection
	GlobalSection(ExtensibilityGlobals) = postSolution
		SolutionGuid = {416029DF-199E-4CAF-A0C0-7074990A2348}
	EndGlobalSection
EndGlobal
